
Microsoft Visual Studio Solution File, Format Version 12.00
# Visual Studio Version 17
VisualStudioVersion = 17.9.34728.123
MinimumVisualStudioVersion = 10.0.40219.1
Project("{9A19103F-16F7-4668-BE54-9A1E7A4F7556}") = "SpreadShet", "SpreadShet\SpreadShet.csproj", "{056A68D3-92D0-4DD8-AEC4-06BE4BAB6D8C}"
EndProject
Global
	GlobalSection(SolutionConfigurationPlatforms) = preSolution
		Debug|Any CPU = Debug|Any CPU
		Release|Any CPU = Release|Any CPU
	EndGlobalSection
	GlobalSection(ProjectConfigurationPlatforms) = postSolution
		{056A68D3-92D0-4DD8-AEC4-06BE4BAB6D8C}.Debug|Any CPU.ActiveCfg = Debug|Any CPU
		{056A68D3-92D0-4DD8-AEC4-06BE4BAB6D8C}.Debug|Any CPU.Build.0 = Debug|Any CPU
		{056A68D3-92D0-4DD8-AEC4-06BE4BAB6D8C}.Release|Any CPU.ActiveCfg = Release|Any CPU
		{056A68D3-92D0-4DD8-AEC4-06BE4BAB6D8C}.Release|Any CPU.Build.0 = Release|Any CPU
	EndGlobalSection
	GlobalSection(SolutionProperties) = preSolution
		HideSolutionNode = FALSE
	EndGlobalSection
	GlobalSection(ExtensibilityGlobals) = postSolution
		SolutionGuid = {57F5021B-24C9-45CE-B2BC-7C77F4335FBA}
	EndGlobalSection
EndGlobal
